
Microsoft Visual Studio Solution File, Format Version 12.00
# Visual Studio Version 17
VisualStudioVersion = 17.10.35013.160
MinimumVisualStudioVersion = 10.0.40219.1
Project("{9A19103F-16F7-4668-BE54-9A1E7A4F7556}") = "HHD", "HHD.csproj", "{FFDB7F32-06E3-487B-B4F2-CE1883ACDBAF}"
EndProject
Project("{FAE04EC0-301F-11D3-BF4B-00C04F79EFBC}") = "HHD_test", "..\HHD_test\HHD_test.csproj", "{8C6F8609-FA4F-46A3-84A6-899878C7F4D8}"
EndProject
Global
	GlobalSection(SolutionConfigurationPlatforms) = preSolution
		Debug|Any CPU = Debug|Any CPU
		Release|Any CPU = Release|Any CPU
	EndGlobalSection
	GlobalSection(ProjectConfigurationPlatforms) = postSolution
		{FFDB7F32-06E3-487B-B4F2-CE1883ACDBAF}.Debug|Any CPU.ActiveCfg = Debug|Any CPU
		{FFDB7F32-06E3-487B-B4F2-CE1883ACDBAF}.Debug|Any CPU.Build.0 = Debug|Any CPU
		{FFDB7F32-06E3-487B-B4F2-CE1883ACDBAF}.Release|Any CPU.ActiveCfg = Release|Any CPU
		{FFDB7F32-06E3-487B-B4F2-CE1883ACDBAF}.Release|Any CPU.Build.0 = Release|Any CPU
		{8C6F8609-FA4F-46A3-84A6-899878C7F4D8}.Debug|Any CPU.ActiveCfg = Debug|Any CPU
		{8C6F8609-FA4F-46A3-84A6-899878C7F4D8}.Debug|Any CPU.Build.0 = Debug|Any CPU
		{8C6F8609-FA4F-46A3-84A6-899878C7F4D8}.Release|Any CPU.ActiveCfg = Release|Any CPU
		{8C6F8609-FA4F-46A3-84A6-899878C7F4D8}.Release|Any CPU.Build.0 = Release|Any CPU
	EndGlobalSection
	GlobalSection(SolutionProperties) = preSolution
		HideSolutionNode = FALSE
	EndGlobalSection
	GlobalSection(ExtensibilityGlobals) = postSolution
		SolutionGuid = {F95589E8-90BD-4C15-B81B-7EEEC0F86A4B}
	EndGlobalSection
EndGlobal
